Microsoft Visual Studio Solution File, Format Version 12.00
# Visual Studio Version 17
VisualStudioVersion = 17.5.2.0
MinimumVisualStudioVersion = 10.0.40219.1
Project("{FAE04EC0-301F-11D3-BF4B-00C04F79EFBC}") = "MyDevOpsApi", "MyDevOpsApi\MyDevOpsApi.csproj", "{0D4F1523-A1A9-93C4-26C0-5D6D800A06CC}"
EndProject
Project("{FAE04EC0-301F-11D3-BF4B-00C04F79EFBC}") = "MyDevOpsApi.Tests", "MyDevOpsApi.Tests\MyDevOpsApi.Tests.csproj", "{35721120-3D06-407D-B660-6B28A0CEDF3E}"
EndProject
Global
	GlobalSection(SolutionConfigurationPlatforms) = preSolution
		Debug|Any CPU = Debug|Any CPU
		Release|Any CPU = Release|Any CPU
	EndGlobalSection
	GlobalSection(ProjectConfigurationPlatforms) = postSolution
		{0D4F1523-A1A9-93C4-26C0-5D6D800A06CC}.Debug|Any CPU.ActiveCfg = Debug|Any CPU
		{0D4F1523-A1A9-93C4-26C0-5D6D800A06CC}.Debug|Any CPU.Build.0 = Debug|Any CPU
		{0D4F1523-A1A9-93C4-26C0-5D6D800A06CC}.Release|Any CPU.ActiveCfg = Release|Any CPU
		{0D4F1523-A1A9-93C4-26C0-5D6D800A06CC}.Release|Any CPU.Build.0 = Release|Any CPU
		{35721120-3D06-407D-B660-6B28A0CEDF3E}.Debug|Any CPU.ActiveCfg = Debug|Any CPU
		{35721120-3D06-407D-B660-6B28A0CEDF3E}.Debug|Any CPU.Build.0 = Debug|Any CPU
		{35721120-3D06-407D-B660-6B28A0CEDF3E}.Release|Any CPU.ActiveCfg = Release|Any CPU
		{35721120-3D06-407D-B660-6B28A0CEDF3E}.Release|Any CPU.Build.0 = Release|Any CPU
	EndGlobalSection
	GlobalSection(SolutionProperties) = preSolution
		HideSolutionNode = FALSE
	EndGlobalSection
	GlobalSection(ExtensibilityGlobals) = postSolution
		SolutionGuid = {53B272BB-4E9C-486E-9533-FE736FCDF8D9}
	EndGlobalSection
EndGlobal
